
Microsoft Visual Studio Solution File, Format Version 12.00
# Visual Studio 15
VisualStudioVersion = 15.0.28307.168
MinimumVisualStudioVersion = 10.0.40219.1
Project("{FAE04EC0-301F-11D3-BF4B-00C04F79EFBC}") = "MiniExplorer", "MiniExplorer\MiniExplorer.csproj", "{67115861-A38A-4CBD-A9AD-7486A25B990D}"
EndProject
Global
	GlobalSection(SolutionConfigurationPlatforms) = preSolution
		Debug|Any CPU = Debug|Any CPU
		Release|Any CPU = Release|Any CPU
	EndGlobalSection
	GlobalSection(ProjectConfigurationPlatforms) = postSolution
		{67115861-A38A-4CBD-A9AD-7486A25B990D}.Debug|Any CPU.ActiveCfg = Debug|Any CPU
		{67115861-A38A-4CBD-A9AD-7486A25B990D}.Debug|Any CPU.Build.0 = Debug|Any CPU
		{67115861-A38A-4CBD-A9AD-7486A25B990D}.Release|Any CPU.ActiveCfg = Release|Any CPU
		{67115861-A38A-4CBD-A9AD-7486A25B990D}.Release|Any CPU.Build.0 = Release|Any CPU
	EndGlobalSection
	GlobalSection(SolutionProperties) = preSolution
		HideSolutionNode = FALSE
	EndGlobalSection
	GlobalSection(ExtensibilityGlobals) = postSolution
		SolutionGuid = {44F57783-37D2-450E-9A16-12ED19FAC98B}
	EndGlobalSection
EndGlobal
